// !$*UTF8*$!
{
	archiveVersion = 1;
	classes = {
	};
	objectVersion = 46;
	objects = {

/* Begin PBXBuildFile section */
		AB86E8EB1BC2A1A30063C273 /* AppDelegate.swift in Sources */ = {isa = PBXBuildFile; fileRef = AB86E8EA1BC2A1A30063C273 /* AppDelegate.swift */; };
		AB86E8ED1BC2A1A30063C273 /* ViewController.swift in Sources */ = {isa = PBXBuildFile; fileRef = AB86E8EC1BC2A1A30063C273 /* ViewController.swift */; };
		AB86E8F01BC2A1A30063C273 /* Main.storyboard in Resources */ = {isa = PBXBuildFile; fileRef = AB86E8EE1BC2A1A30063C273 /* Main.storyboard */; };
		AB86E8F21BC2A1A30063C273 /* Assets.xcassets in Resources */ = {isa = PBXBuildFile; fileRef = AB86E8F11BC2A1A30063C273 /* Assets.xcassets */; };
		AB86E8F51BC2A1A30063C273 /* LaunchScreen.storyboard in Resources */ = {isa = PBXBuildFile; fileRef = AB86E8F31BC2A1A30063C273 /* LaunchScreen.storyboard */; };
		AB86E9001BC2A1A30063C273 /* hideKeyboardTests.swift in Sources */ = {isa = PBXBuildFile; fileRef = AB86E8FF1BC2A1A30063C273 /* hideKeyboardTests.swift */; };
		AB86E90B1BC2A1A30063C273 /* hideKeyboardUITests.swift in Sources */ = {isa = PBXBuildFile; fileRef = AB86E90A1BC2A1A30063C273 /* hideKeyboardUITests.swift */; };
/* End PBXBuildFile section */

/* Begin PBXContainerItemProxy section */
		AB86E8FC1BC2A1A30063C273 /* PBXContainerItemProxy */ = {
			isa = PBXContainerItemProxy;
			containerPortal = AB86E8DF1BC2A1A30063C273 /* Project object */;
			proxyType = 1;
			remoteGlobalIDString = AB86E8E61BC2A1A30063C273;
			remoteInfo = hideKeyboard;
		};
		AB86E9071BC2A1A30063C273 /* PBXContainerItemProxy */ = {
			isa = PBXContainerItemProxy;
			containerPortal = AB86E8DF1BC2A1A30063C273 /* Project object */;
			proxyType = 1;
			remoteGlobalIDString = AB86E8E61BC2A1A30063C273;
			remoteInfo = hideKeyboard;
		};
/* End PBXContainerItemProxy section */

/* Begin PBXFileReference section */
		AB86E8E71BC2A1A30063C273 /* hideKeyboard.app */ = {isa = PBXFileReference; explicitFileType = wrapper.application; includeInIndex = 0; path = hideKeyboard.app; sourceTree = BUILT_PRODUCTS_DIR; };
		AB86E8EA1BC2A1A30063C273 /* AppDelegate.swift */ = {isa = PBXFileReference; lastKnownFileType = sourcecode.swift; path = AppDelegate.swift; sourceTree = "<group>"; };
		AB86E8EC1BC2A1A30063C273 /* ViewController.swift */ = {isa = PBXFileReference; lastKnownFileType = sourcecode.swift; path = ViewController.swift; sourceTree = "<group>"; };
		AB86E8EF1BC2A1A30063C273 /* Base */ = {isa = PBXFileReference; lastKnownFileType = file.storyboard; name = Base; path = Base.lproj/Main.storyboard; sourceTree = "<group>"; };
		AB86E8F11BC2A1A30063C273 /* Assets.xcassets */ = {isa = PBXFileReference; lastKnownFileType = folder.assetcatalog; path = Assets.xcassets; sourceTree = "<group>"; };
		AB86E8F41BC2A1A30063C273 /* Base */ = {isa = PBXFileReference; lastKnownFileType = file.storyboard; name = Base; path = Base.lproj/LaunchScreen.storyboard; sourceTree = "<group>"; };
		AB86E8F61BC2A1A30063C273 /* Info.plist */ = {isa = PBXFileReference; lastKnownFileType = text.plist.xml; path = Info.plist; sourceTree = "<group>"; };
		AB86E8FB1BC2A1A30063C273 /* hideKeyboardTests.xctest */ = {isa = PBXFileReference; explicitFileType = wrapper.cfbundle; includeInIndex = 0; path = hideKeyboardTests.xctest; sourceTree = BUILT_PRODUCTS_DIR; };
		AB86E8FF1BC2A1A30063C273 /* hideKeyboardTests.swift */ = {isa = PBXFileReference; lastKnownFileType = sourcecode.swift; path = hideKeyboardTests.swift; sourceTree = "<group>"; };
		AB86E9011BC2A1A30063C273 /* Info.plist */ = {isa = PBXFileReference; lastKnownFileType = text.plist.xml; path = Info.plist; sourceTree = "<group>"; };
		AB86E9061BC2A1A30063C273 /* hideKeyboardUITests.xctest */ = {isa = PBXFileReference; explicitFileType = wrapper.cfbundle; includeInIndex = 0; path = hideKeyboardUITests.xctest; sourceTree = BUILT_PRODUCTS_DIR; };
		AB86E90A1BC2A1A30063C273 /* hideKeyboardUITests.swift */ = {isa = PBXFileReference; lastKnownFileType = sourcecode.swift; path = hideKeyboardUITests.swift; sourceTree = "<group>"; };
		AB86E90C1BC2A1A30063C273 /* Info.plist */ = {isa = PBXFileReference; lastKnownFileType = text.plist.xml; path = Info.plist; sourceTree = "<group>"; };
/* End PBXFileReference section */

/* Begin PBXFrameworksBuildPhase section */
		AB86E8E41BC2A1A30063C273 /* Frameworks */ = {
			isa = PBXFrameworksBuildPhase;
			buildActionMask = 2147483647;
			files = (
			);
			runOnlyForDeploymentPostprocessing = 0;
		};
		AB86E8F81BC2A1A30063C273 /* Frameworks */ = {
			isa = PBXFrameworksBuildPhase;
			buildActionMask = 2147483647;
			files = (
			);
			runOnlyForDeploymentPostprocessing = 0;
		};
		AB86E9031BC2A1A30063C273 /* Frameworks */ = {
			isa = PBXFrameworksBuildPhase;
			buildActionMask = 2147483647;
			files = (
			);
			runOnlyForDeploymentPostprocessing = 0;
		};
/* End PBXFrameworksBuildPhase section */

/* Begin PBXGroup section */
		AB86E8DE1BC2A1A30063C273 = {
			isa = PBXGroup;
			children = (
				AB86E8E91BC2A1A30063C273 /* hideKeyboard */,
				AB86E8FE1BC2A1A30063C273 /* hideKeyboardTests */,
				AB86E9091BC2A1A30063C273 /* hideKeyboardUITests */,
				AB86E8E81BC2A1A30063C273 /* Products */,
			);
			sourceTree = "<group>";
		};
		AB86E8E81BC2A1A30063C273 /* Products */ = {
			isa = PBXGroup;
			children = (
				AB86E8E71BC2A1A30063C273 /* hideKeyboard.app */,
				AB86E8FB1BC2A1A30063C273 /* hideKeyboardTests.xctest */,
				AB86E9061BC2A1A30063C273 /* hideKeyboardUITests.xctest */,
			);
			name = Products;
			sourceTree = "<group>";
		};
		AB86E8E91BC2A1A30063C273 /* hideKeyboard */ = {
			isa = PBXGroup;
			children = (
				AB86E8EA1BC2A1A30063C273 /* AppDelegate.swift */,
				AB86E8EC1BC2A1A30063C273 /* ViewController.swift */,
				AB86E8EE1BC2A1A30063C273 /* Main.storyboard */,
				AB86E8F11BC2A1A30063C273 /* Assets.xcassets */,
				AB86E8F31BC2A1A30063C273 /* LaunchScreen.storyboard */,
				AB86E8F61BC2A1A30063C273 /* Info.plist */,
			);
			path = hideKeyboard;
			sourceTree = "<group>";
		};
		AB86E8FE1BC2A1A30063C273 /* hideKeyboardTests */ = {
			isa = PBXGroup;
			children = (
				AB86E8FF1BC2A1A30063C273 /* hideKeyboardTests.swift */,
				AB86E9011BC2A1A30063C273 /* Info.plist */,
			);
			path = hideKeyboardTests;
			sourceTree = "<group>";
		};
		AB86E9091BC2A1A30063C273 /* hideKeyboardUITests */ = {
			isa = PBXGroup;
			children = (
				AB86E90A1BC2A1A30063C273 /* hideKeyboardUITests.swift */,
				AB86E90C1BC2A1A30063C273 /* Info.plist */,
			);
			path = hideKeyboardUITests;
			sourceTree = "<group>";
		};
/* End PBXGroup section */

/* Begin PBXNativeTarget section */
		AB86E8E61BC2A1A30063C273 /* hideKeyboard */ = {
			isa = PBXNativeTarget;
			buildConfigurationList = AB86E90F1BC2A1A30063C273 /* Build configuration list for PBXNativeTarget "hideKeyboard" */;
			buildPhases = (
				AB86E8E31BC2A1A30063C273 /* Sources */,
				AB86E8E41BC2A1A30063C273 /* Frameworks */,
				AB86E8E51BC2A1A30063C273 /* Resources */,
			);
			buildRules = (
			);
			dependencies = (
			);
			name = hideKeyboard;
			productName = hideKeyboard;
			productReference = AB86E8E71BC2A1A30063C273 /* hideKeyboard.app */;
			productType = "com.apple.product-type.application";
		};
		AB86E8FA1BC2A1A30063C273 /* hideKeyboardTests */ = {
			isa = PBXNativeTarget;
			buildConfigurationList = AB86E9121BC2A1A30063C273 /* Build configuration list for PBXNativeTarget "hideKeyboardTests" */;
			buildPhases = (
				AB86E8F71BC2A1A30063C273 /* Sources */,
				AB86E8F81BC2A1A30063C273 /* Frameworks */,
				AB86E8F91BC2A1A30063C273 /* Resources */,
			);
			buildRules = (
			);
			dependencies = (
				AB86E8FD1BC2A1A30063C273 /* PBXTargetDependency */,
			);
			name = hideKeyboardTests;
			productName = hideKeyboardTests;
			productReference = AB86E8FB1BC2A1A30063C273 /* hideKeyboardTests.xctest */;
			productType = "com.apple.product-type.bundle.unit-test";
		};
		AB86E9051BC2A1A30063C273 /* hideKeyboardUITests */ = {
			isa = PBXNativeTarget;
			buildConfigurationList = AB86E9151BC2A1A30063C273 /* Build configuration list for PBXNativeTarget "hideKeyboardUITests" */;
			buildPhases = (
				AB86E9021BC2A1A30063C273 /* Sources */,
				AB86E9031BC2A1A30063C273 /* Frameworks */,
				AB86E9041BC2A1A30063C273 /* Resources */,
			);
			buildRules = (
			);
			dependencies = (
				AB86E9081BC2A1A30063C273 /* PBXTargetDependency */,
			);
			name = hideKeyboardUITests;
			productName = hideKeyboardUITests;
			productReference = AB86E9061BC2A1A30063C273 /* hideKeyboardUITests.xctest */;
			productType = "com.apple.product-type.bundle.ui-testing";
		};
/* End PBXNativeTarget section */

/* Begin PBXProject section */
		AB86E8DF1BC2A1A30063C273 /* Project object */ = {
			isa = PBXProject;
			attributes = {
				LastUpgradeCheck = 0700;
				ORGANIZATIONNAME = "Clinton D'Souza";
				TargetAttributes = {
					AB86E8E61BC2A1A30063C273 = {
						CreatedOnToolsVersion = 7.0.1;
					};
					AB86E8FA1BC2A1A30063C273 = {
						CreatedOnToolsVersion = 7.0.1;
						TestTargetID = AB86E8E61BC2A1A30063C273;
					};
					AB86E9051BC2A1A30063C273 = {
						CreatedOnToolsVersion = 7.0.1;
						TestTargetID = AB86E8E61BC2A1A30063C273;
					};
				};
			};
			buildConfigurationList = AB86E8E21BC2A1A30063C273 /* Build configuration list for PBXProject "hideKeyboard" */;
			compatibilityVersion = "Xcode 3.2";
			developmentRegion = English;
			hasScannedForEncodings = 0;
			knownRegions = (
				en,
				Base,
			);
			mainGroup = AB86E8DE1BC2A1A30063C273;
			productRefGroup = AB86E8E81BC2A1A30063C273 /* Products */;
			projectDirPath = "";
			projectRoot = "";
			targets = (
				AB86E8E61BC2A1A30063C273 /* hideKeyboard */,
				AB86E8FA1BC2A1A30063C273 /* hideKeyboardTests */,
				AB86E9051BC2A1A30063C273 /* hideKeyboardUITests */,
			);
		};
/* End PBXProject section */

/* Begin PBXResourcesBuildPhase section */
		AB86E8E51BC2A1A30063C273 /* Resources */ = {
			isa = PBXResourcesBuildPhase;
			buildActionMask = 2147483647;
			files = (
				AB86E8F51BC2A1A30063C273 /* LaunchScreen.storyboard in Resources */,
				AB86E8F21BC2A1A30063C273 /* Assets.xcassets in Resources */,
				AB86E8F01BC2A1A30063C273 /* Main.storyboard in Resources */,
			);
			runOnlyForDeploymentPostprocessing = 0;
		};
		AB86E8F91BC2A1A30063C273 /* Resources */ = {
			isa = PBXResourcesBuildPhase;
			buildActionMask = 2147483647;
			files = (
			);
			runOnlyForDeploymentPostprocessing = 0;
		};
		AB86E9041BC2A1A30063C273 /* Resources */ = {
			isa = PBXResourcesBuildPhase;
			buildActionMask = 2147483647;
			files = (
			);
			runOnlyForDeploymentPostprocessing = 0;
		};
/* End PBXResourcesBuildPhase section */

/* Begin PBXSourcesBuildPhase section */
		AB86E8E31BC2A1A30063C273 /* Sources */ = {
			isa = PBXSourcesBuildPhase;
			buildActionMask = 2147483647;
			files = (
				AB86E8ED1BC2A1A30063C273 /* ViewController.swift in Sources */,
				AB86E8EB1BC2A1A30063C273 /* AppDelegate.swift in Sources */,
			);
			runOnlyForDeploymentPostprocessing = 0;
		};
		AB86E8F71BC2A1A30063C273 /* Sources */ = {
			isa = PBXSourcesBuildPhase;
			buildActionMask = 2147483647;
			files = (
				AB86E9001BC2A1A30063C273 /* hideKeyboardTests.swift in Sources */,
			);
			runOnlyForDeploymentPostprocessing = 0;
		};
		AB86E9021BC2A1A30063C273 /* Sources */ = {
			isa = PBXSourcesBuildPhase;
			buildActionMask = 2147483647;
			files = (
				AB86E90B1BC2A1A30063C273 /* hideKeyboardUITests.swift in Sources */,
			);
			runOnlyForDeploymentPostprocessing = 0;
		};
/* End PBXSourcesBuildPhase section */

/* Begin PBXTargetDependency section */
		AB86E8FD1BC2A1A30063C273 /* PBXTargetDependency */ = {
			isa = PBXTargetDependency;
			target = AB86E8E61BC2A1A30063C273 /* hideKeyboard */;
			targetProxy = AB86E8FC1BC2A1A30063C273 /* PBXContainerItemProxy */;
		};
		AB86E9081BC2A1A30063C273 /* PBXTargetDependency */ = {
			isa = PBXTargetDependency;
			target = AB86E8E61BC2A1A30063C273 /* hideKeyboard */;
			targetProxy = AB86E9071BC2A1A30063C273 /* PBXContainerItemProxy */;
		};
/* End PBXTargetDependency section */

/* Begin PBXVariantGroup section */
		AB86E8EE1BC2A1A30063C273 /* Main.storyboard */ = {
			isa = PBXVariantGroup;
			children = (
				AB86E8EF1BC2A1A30063C273 /* Base */,
			);
			name = Main.storyboard;
			sourceTree = "<group>";
		};
		AB86E8F31BC2A1A30063C273 /* LaunchScreen.storyboard */ = {
			isa = PBXVariantGroup;
			children = (
				AB86E8F41BC2A1A30063C273 /* Base */,
			);
			name = LaunchScreen.storyboard;
			sourceTree = "<group>";
		};
/* End PBXVariantGroup section */

/* Begin XCBuildConfiguration section */
		AB86E90D1BC2A1A30063C273 /* Debug */ = {
			isa = XCBuildConfiguration;
			buildSettings = {
				ALWAYS_SEARCH_USER_PATHS = NO;
				CLANG_CXX_LANGUAGE_STANDARD = "gnu++0x";
				CLANG_CXX_LIBRARY = "libc++";
				CLANG_ENABLE_MODULES = YES;
				CLANG_ENABLE_OBJC_ARC = YES;
				CLANG_WARN_BOOL_CONVERSION = YES;
				CLANG_WARN_CONSTANT_CONVERSION = YES;
				CLANG_WARN_DIRECT_OBJC_ISA_USAGE = YES_ERROR;
				CLANG_WARN_EMPTY_BODY = YES;
				CLANG_WARN_ENUM_CONVERSION = YES;
				CLANG_WARN_INT_CONVERSION = YES;
				CLANG_WARN_OBJC_ROOT_CLASS = YES_ERROR;
				CLANG_WARN_UNREACHABLE_CODE = YES;
				CLANG_WARN__DUPLICATE_METHOD_MATCH = YES;
				"CODE_SIGN_IDENTITY[sdk=iphoneos*]" = "iPhone Developer";
				COPY_PHASE_STRIP = NO;
				DEBUG_INFORMATION_FORMAT = dwarf;
				ENABLE_STRICT_OBJC_MSGSEND = YES;
				ENABLE_TESTABILITY = YES;
				GCC_C_LANGUAGE_STANDARD = gnu99;
				GCC_DYNAMIC_NO_PIC = NO;
				GCC_NO_COMMON_BLOCKS = YES;
				GCC_OPTIMIZATION_LEVEL = 0;
				GCC_PREPROCESSOR_DEFINITIONS = (
					"DEBUG=1",
					"$(inherited)",
				);
				GCC_WARN_64_TO_32_BIT_CONVERSION = YES;
				GCC_WARN_ABOUT_RETURN_TYPE = YES_ERROR;
				GCC_WARN_UNDECLARED_SELECTOR = YES;
				GCC_WARN_UNINITIALIZED_AUTOS = YES_AGGRESSIVE;
				GCC_WARN_UNUSED_FUNCTION = YES;
				GCC_WARN_UNUSED_VARIABLE = YES;
				IPHONEOS_DEPLOYMENT_TARGET = 9.0;
				MTL_ENABLE_DEBUG_INFO = YES;
				ONLY_ACTIVE_ARCH = YES;
				SDKROOT = iphoneos;
				SWIFT_OPTIMIZATION_LEVEL = "-Onone";
				TARGETED_DEVICE_FAMILY = "1,2";
			};
			name = Debug;
		};
		AB86E90E1BC2A1A30063C273 /* Release */ = {
			isa = XCBuildConfiguration;
			buildSettings = {
				ALWAYS_SEARCH_USER_PATHS = NO;
				CLANG_CXX_LANGUAGE_STANDARD = "gnu++0x";
				CLANG_CXX_LIBRARY = "libc++";
				CLANG_ENABLE_MODULES = YES;
				CLANG_ENABLE_OBJC_ARC = YES;
				CLANG_WARN_BOOL_CONVERSION = YES;
				CLANG_WARN_CONSTANT_CONVERSION = YES;
				CLANG_WARN_DIRECT_OBJC_ISA_USAGE = YES_ERROR;
				CLANG_WARN_EMPTY_BODY = YES;
				CLANG_WARN_ENUM_CONVERSION = YES;
				CLANG_WARN_INT_CONVERSION = YES;
				CLANG_WARN_OBJC_ROOT_CLASS = YES_ERROR;
				CLANG_WARN_UNREACHABLE_CODE = YES;
				CLANG_WARN__DUPLICATE_METHOD_MATCH = YES;
				"CODE_SIGN_IDENTITY[sdk=iphoneos*]" = "iPhone Developer";
				COPY_PHASE_STRIP = NO;
				DEBUG_INFORMATION_FORMAT = "dwarf-with-dsym";
				ENABLE_NS_ASSERTIONS = NO;
				ENABLE_STRICT_OBJC_MSGSEND = YES;
				GCC_C_LANGUAGE_STANDARD = gnu99;
				GCC_NO_COMMON_BLOCKS = YES;
				GCC_WARN_64_TO_32_BIT_CONVERSION = YES;
				GCC_WARN_ABOUT_RETURN_TYPE = YES_ERROR;
				GCC_WARN_UNDECLARED_SELECTOR = YES;
				GCC_WARN_UNINITIALIZED_AUTOS = YES_AGGRESSIVE;
				GCC_WARN_UNUSED_FUNCTION = YES;
				GCC_WARN_UNUSED_VARIABLE = YES;
				IPHONEOS_DEPLOYMENT_TARGET = 9.0;
				MTL_ENABLE_DEBUG_INFO = NO;
				SDKROOT = iphoneos;
				TARGETED_DEVICE_FAMILY = "1,2";
				VALIDATE_PRODUCT = YES;
			};
			name = Release;
		};
		AB86E9101BC2A1A30063C273 /* Debug */ = {
			isa = XCBuildConfiguration;
			buildSettings = {
				ASSETCATALOG_COMPILER_APPICON_NAME = AppIcon;
				INFOPLIST_FILE = hideKeyboard/Info.plist;
				LD_RUNPATH_SEARCH_PATHS = "$(inherited) @executable_path/Frameworks";
				PRODUCT_BUNDLE_IDENTIFIER = com.clintondsouza.hideKeyboard;
				PRODUCT_NAME = "$(TARGET_NAME)";
			};
			name = Debug;
		};
		AB86E9111BC2A1A30063C273 /* Release */ = {
			isa = XCBuildConfiguration;
			buildSettings = {
				ASSETCATALOG_COMPILER_APPICON_NAME = AppIcon;
				INFOPLIST_FILE = hideKeyboard/Info.plist;
				LD_RUNPATH_SEARCH_PATHS = "$(inherited) @executable_path/Frameworks";
				PRODUCT_BUNDLE_IDENTIFIER = com.clintondsouza.hideKeyboard;
				PRODUCT_NAME = "$(TARGET_NAME)";
			};
			name = Release;
		};
		AB86E9131BC2A1A30063C273 /* Debug */ = {
			isa = XCBuildConfiguration;
			buildSettings = {
				BUNDLE_LOADER = "$(TEST_HOST)";
				INFOPLIST_FILE = hideKeyboardTests/Info.plist;
				LD_RUNPATH_SEARCH_PATHS = "$(inherited) @executable_path/Frameworks @loader_path/Frameworks";
				PRODUCT_BUNDLE_IDENTIFIER = com.clintondsouza.hideKeyboardTests;
				PRODUCT_NAME = "$(TARGET_NAME)";
				TEST_HOST = "$(BUILT_PRODUCTS_DIR)/hideKeyboard.app/hideKeyboard";
			};
			name = Debug;
		};
		AB86E9141BC2A1A30063C273 /* Release */ = {
			isa = XCBuildConfiguration;
			buildSettings = {
				BUNDLE_LOADER = "$(TEST_HOST)";
				INFOPLIST_FILE = hideKeyboardTests/Info.plist;
				LD_RUNPATH_SEARCH_PATHS = "$(inherited) @executable_path/Frameworks @loader_path/Frameworks";
				PRODUCT_BUNDLE_IDENTIFIER = com.clintondsouza.hideKeyboardTests;
				PRODUCT_NAME = "$(TARGET_NAME)";
				TEST_HOST = "$(BUILT_PRODUCTS_DIR)/hideKeyboard.app/hideKeyboard";
			};
			name = Release;
		};
		AB86E9161BC2A1A30063C273 /* Debug */ = {
			isa = XCBuildConfiguration;
			buildSettings = {
				INFOPLIST_FILE = hideKeyboardUITests/Info.plist;
				LD_RUNPATH_SEARCH_PATHS = "$(inherited) @executable_path/Frameworks @loader_path/Frameworks";
				PRODUCT_BUNDLE_IDENTIFIER = com.clintondsouza.hideKeyboardUITests;
				PRODUCT_NAME = "$(TARGET_NAME)";
				TEST_TARGET_NAME = hideKeyboard;
				USES_XCTRUNNER = YES;
			};
			name = Debug;
		};
		AB86E9171BC2A1A30063C273 /* Release */ = {
			isa = XCBuildConfiguration;
			buildSettings = {
				INFOPLIST_FILE = hideKeyboardUITests/Info.plist;
				LD_RUNPATH_SEARCH_PATHS = "$(inherited) @executable_path/Frameworks @loader_path/Frameworks";
				PRODUCT_BUNDLE_IDENTIFIER = com.clintondsouza.hideKeyboardUITests;
				PRODUCT_NAME = "$(TARGET_NAME)";
				TEST_TARGET_NAME = hideKeyboard;
				USES_XCTRUNNER = YES;
			};
			name = Release;
		};
/* End XCBuildConfiguration section */

/* Begin XCConfigurationList section */
		AB86E8E21BC2A1A30063C273 /* Build configuration list for PBXProject "hideKeyboard" */ = {
			isa = XCConfigurationList;
			buildConfigurations = (
				AB86E90D1BC2A1A30063C273 /* Debug */,
				AB86E90E1BC2A1A30063C273 /* Release */,
			);
			defaultConfigurationIsVisible = 0;
			defaultConfigurationName = Release;
		};
		AB86E90F1BC2A1A30063C273 /* Build configuration list for PBXNativeTarget "hideKeyboard" */ = {
			isa = XCConfigurationList;
			buildConfigurations = (
				AB86E9101BC2A1A30063C273 /* Debug */,
				AB86E9111BC2A1A30063C273 /* Release */,
			);
			defaultConfigurationIsVisible = 0;
		};
		AB86E9121BC2A1A30063C273 /* Build configuration list for PBXNativeTarget "hideKeyboardTests" */ = {
			isa = XCConfigurationList;
			buildConfigurations = (
				AB86E9131BC2A1A30063C273 /* Debug */,
				AB86E9141BC2A1A30063C273 /* Release */,
			);
			defaultConfigurationIsVisible = 0;
		};
		AB86E9151BC2A1A30063C273 /* Build configuration list for PBXNativeTarget "hideKeyboardUITests" */ = {
			isa = XCConfigurationList;
			buildConfigurations = (
				AB86E9161BC2A1A30063C273 /* Debug */,
				AB86E9171BC2A1A30063C273 /* Release */,
			);
			defaultConfigurationIsVisible = 0;
		};
/* End XCConfigurationList section */
	};
	rootObject = AB86E8DF1BC2A1A30063C273 /* Project object */;
}
